
Microsoft Visual Studio Solution File, Format Version 12.00
# Visual Studio Version 17
VisualStudioVersion = 17.4.33205.214
MinimumVisualStudioVersion = 10.0.40219.1
Project("{FAE04EC0-301F-11D3-BF4B-00C04F79EFBC}") = "Rule", "Rule\Rule.csproj", "{1A286955-80B4-4EDC-9D32-D94A32AEEA30}"
EndProject
Global
	GlobalSection(SolutionConfigurationPlatforms) = preSolution
		Debug|Any CPU = Debug|Any CPU
		Release|Any CPU = Release|Any CPU
	EndGlobalSection
	GlobalSection(ProjectConfigurationPlatforms) = postSolution
		{1A286955-80B4-4EDC-9D32-D94A32AEEA30}.Debug|Any CPU.ActiveCfg = Debug|Any CPU
		{1A286955-80B4-4EDC-9D32-D94A32AEEA30}.Debug|Any CPU.Build.0 = Debug|Any CPU
		{1A286955-80B4-4EDC-9D32-D94A32AEEA30}.Release|Any CPU.ActiveCfg = Release|Any CPU
		{1A286955-80B4-4EDC-9D32-D94A32AEEA30}.Release|Any CPU.Build.0 = Release|Any CPU
	EndGlobalSection
	GlobalSection(SolutionProperties) = preSolution
		HideSolutionNode = FALSE
	EndGlobalSection
	GlobalSection(ExtensibilityGlobals) = postSolution
		SolutionGuid = {4017CCF6-CDA1-4DA6-A897-6205C40CF1D0}
	EndGlobalSection
EndGlobal
